
Microsoft Visual Studio Solution File, Format Version 12.00
# Visual Studio Version 16
VisualStudioVersion = 16.0.31624.102
MinimumVisualStudioVersion = 10.0.40219.1
Project("{FAE04EC0-301F-11D3-BF4B-00C04F79EFBC}") = "Base10tobase62", "Base10tobase62\Base10tobase62.csproj", "{585ECFFE-4C57-4D77-9DA0-C62088F82AC0}"
EndProject
Global
	GlobalSection(SolutionConfigurationPlatforms) = preSolution
		Debug|Any CPU = Debug|Any CPU
		Release|Any CPU = Release|Any CPU
	EndGlobalSection
	GlobalSection(ProjectConfigurationPlatforms) = postSolution
		{585ECFFE-4C57-4D77-9DA0-C62088F82AC0}.Debug|Any CPU.ActiveCfg = Debug|Any CPU
		{585ECFFE-4C57-4D77-9DA0-C62088F82AC0}.Debug|Any CPU.Build.0 = Debug|Any CPU
		{585ECFFE-4C57-4D77-9DA0-C62088F82AC0}.Release|Any CPU.ActiveCfg = Release|Any CPU
		{585ECFFE-4C57-4D77-9DA0-C62088F82AC0}.Release|Any CPU.Build.0 = Release|Any CPU
	EndGlobalSection
	GlobalSection(SolutionProperties) = preSolution
		HideSolutionNode = FALSE
	EndGlobalSection
	GlobalSection(ExtensibilityGlobals) = postSolution
		SolutionGuid = {4853D7F1-D6B2-49DA-AD24-995E1B785929}
	EndGlobalSection
EndGlobal
