
Microsoft Visual Studio Solution File, Format Version 12.00
# Visual Studio Version 16
VisualStudioVersion = 16.0.31624.102
MinimumVisualStudioVersion = 10.0.40219.1
Project("{9A19103F-16F7-4668-BE54-9A1E7A4F7556}") = "KthNodeFromEnd", "LinkedListProblems\KthNodeFromEnd.csproj", "{618B4B2A-3636-426D-ACAA-44DFAF534A70}"
EndProject
Project("{FAE04EC0-301F-11D3-BF4B-00C04F79EFBC}") = "MergeSortedLists", "MergeSortedLists\MergeSortedLists.csproj", "{AB647DE6-88ED-47BA-B5C7-41CD56529B3E}"
EndProject
Global
	GlobalSection(SolutionConfigurationPlatforms) = preSolution
		Debug|Any CPU = Debug|Any CPU
		Release|Any CPU = Release|Any CPU
	EndGlobalSection
	GlobalSection(ProjectConfigurationPlatforms) = postSolution
		{618B4B2A-3636-426D-ACAA-44DFAF534A70}.Debug|Any CPU.ActiveCfg = Debug|Any CPU
		{618B4B2A-3636-426D-ACAA-44DFAF534A70}.Debug|Any CPU.Build.0 = Debug|Any CPU
		{618B4B2A-3636-426D-ACAA-44DFAF534A70}.Release|Any CPU.ActiveCfg = Release|Any CPU
		{618B4B2A-3636-426D-ACAA-44DFAF534A70}.Release|Any CPU.Build.0 = Release|Any CPU
		{AB647DE6-88ED-47BA-B5C7-41CD56529B3E}.Debug|Any CPU.ActiveCfg = Debug|Any CPU
		{AB647DE6-88ED-47BA-B5C7-41CD56529B3E}.Debug|Any CPU.Build.0 = Debug|Any CPU
		{AB647DE6-88ED-47BA-B5C7-41CD56529B3E}.Release|Any CPU.ActiveCfg = Release|Any CPU
		{AB647DE6-88ED-47BA-B5C7-41CD56529B3E}.Release|Any CPU.Build.0 = Release|Any CPU
	EndGlobalSection
	GlobalSection(SolutionProperties) = preSolution
		HideSolutionNode = FALSE
	EndGlobalSection
	GlobalSection(ExtensibilityGlobals) = postSolution
		SolutionGuid = {8D9B84DA-88D9-407F-8FB0-9C3D58496991}
	EndGlobalSection
EndGlobal
